
Microsoft Visual Studio Solution File, Format Version 12.00
# Visual Studio Version 17
VisualStudioVersion = 17.8.34511.84
MinimumVisualStudioVersion = 10.0.40219.1
Project("{FAE04EC0-301F-11D3-BF4B-00C04F79EFBC}") = "Math Game", "Math Game.csproj", "{B66545F7-78C6-4CEB-844A-ED1F76AAD302}"
EndProject
Global
	GlobalSection(SolutionConfigurationPlatforms) = preSolution
		Debug|Any CPU = Debug|Any CPU
		Release|Any CPU = Release|Any CPU
	EndGlobalSection
	GlobalSection(ProjectConfigurationPlatforms) = postSolution
		{B66545F7-78C6-4CEB-844A-ED1F76AAD302}.Debug|Any CPU.ActiveCfg = Debug|Any CPU
		{B66545F7-78C6-4CEB-844A-ED1F76AAD302}.Debug|Any CPU.Build.0 = Debug|Any CPU
		{B66545F7-78C6-4CEB-844A-ED1F76AAD302}.Release|Any CPU.ActiveCfg = Release|Any CPU
		{B66545F7-78C6-4CEB-844A-ED1F76AAD302}.Release|Any CPU.Build.0 = Release|Any CPU
	EndGlobalSection
	GlobalSection(SolutionProperties) = preSolution
		HideSolutionNode = FALSE
	EndGlobalSection
	GlobalSection(ExtensibilityGlobals) = postSolution
		SolutionGuid = {47D1D8A8-475C-4603-A29D-C2D4E171FE59}
	EndGlobalSection
EndGlobal
